PODS:
  - AFNetworking (3.1.0):
    - AFNetworking/NSURLSession (= 3.1.0)
    - AFNetworking/Reachability (= 3.1.0)
    - AFNetworking/Security (= 3.1.0)
    - AFNetworking/Serialization (= 3.1.0)
    - AFNetworking/UIKit (= 3.1.0)
  - AFNetworking/NSURLSession (3.1.0):
    - AFNetworking/Reachability
    - AFNetworking/Security
    - AFNetworking/Serialization
  - AFNetworking/Reachability (3.1.0)
  - AFNetworking/Security (3.1.0)
  - AFNetworking/Serialization (3.1.0)
  - AFNetworking/UIKit (3.1.0):
    - AFNetworking/NSURLSession
  - XXCategories (0.1.2)
  - XXNetwork (0.1.7):
    - AFNetworking
    - XXCategories
    - XXNetwork/XXNetworkAnimation (= 0.1.7)
  - XXNetwork/XXNetworkAnimation (0.1.7):
    - AFNetworking
    - XXCategories

DEPENDENCIES:
  - XXNetwork (from `../`)

EXTERNAL SOURCES:
  XXNetwork:
    :path: "../"

SPEC CHECKSUMS:
  AFNetworking: 5e0e199f73d8626b11e79750991f5d173d1f8b67
  XXCategories: 3067a6cf06fac18cca40462a9a9e8e9e8bc92cc3
  XXNetwork: 5b2fe7da1be6bf40a23d70f679a966856986b1c8

PODFILE CHECKSUM: 64d7e0c54fb16a2f436798e674566eda58a5d9cd

COCOAPODS: 1.2.1
